
Microsoft Visual Studio Solution File, Format Version 12.00
# Visual Studio 15
VisualStudioVersion = 15.0.28307.421
MinimumVisualStudioVersion = 10.0.40219.1
Project("{FAE04EC0-301F-11D3-BF4B-00C04F79EFBC}") = "TaskManager.API", "TaskManager.API\TaskManager.API.csproj", "{E6B9D1AF-FA41-4767-ACC3-B3590B08F8B4}"
EndProject
Project("{FAE04EC0-301F-11D3-BF4B-00C04F79EFBC}") = "TaskManager.API.Tests", "TaskManager.API.Tests\TaskManager.API.Tests.csproj", "{75B684A7-4D8C-42DD-827B-FD29EA417CCF}"
EndProject
Project("{FAE04EC0-301F-11D3-BF4B-00C04F79EFBC}") = "TaskManager.Business", "TaskManager.Business\TaskManager.Business.csproj", "{9AA59544-D923-4B18-8B5B-7517F73642F5}"
EndProject
Project("{FAE04EC0-301F-11D3-BF4B-00C04F79EFBC}") = "TaskManager.Model", "TaskManager.Model\TaskManager.Model.csproj", "{C4E65C5C-5FD8-41F7-BB86-725C950C5D4F}"
EndProject
Project("{FAE04EC0-301F-11D3-BF4B-00C04F79EFBC}") = "TaskManager.DAL", "TaskManager.DAL\TaskManager.DAL.csproj", "{237EB6FD-5848-4796-A0F5-3F907C942410}"
EndProject
Global
	GlobalSection(SolutionConfigurationPlatforms) = preSolution
		Debug|Any CPU = Debug|Any CPU
		Release|Any CPU = Release|Any CPU
	EndGlobalSection
	GlobalSection(ProjectConfigurationPlatforms) = postSolution
		{E6B9D1AF-FA41-4767-ACC3-B3590B08F8B4}.Debug|Any CPU.ActiveCfg = Debug|Any CPU
		{E6B9D1AF-FA41-4767-ACC3-B3590B08F8B4}.Debug|Any CPU.Build.0 = Debug|Any CPU
		{E6B9D1AF-FA41-4767-ACC3-B3590B08F8B4}.Release|Any CPU.ActiveCfg = Release|Any CPU
		{E6B9D1AF-FA41-4767-ACC3-B3590B08F8B4}.Release|Any CPU.Build.0 = Release|Any CPU
		{75B684A7-4D8C-42DD-827B-FD29EA417CCF}.Debug|Any CPU.ActiveCfg = Debug|Any CPU
		{75B684A7-4D8C-42DD-827B-FD29EA417CCF}.Debug|Any CPU.Build.0 = Debug|Any CPU
		{75B684A7-4D8C-42DD-827B-FD29EA417CCF}.Release|Any CPU.ActiveCfg = Release|Any CPU
		{75B684A7-4D8C-42DD-827B-FD29EA417CCF}.Release|Any CPU.Build.0 = Release|Any CPU
		{9AA59544-D923-4B18-8B5B-7517F73642F5}.Debug|Any CPU.ActiveCfg = Debug|Any CPU
		{9AA59544-D923-4B18-8B5B-7517F73642F5}.Debug|Any CPU.Build.0 = Debug|Any CPU
		{9AA59544-D923-4B18-8B5B-7517F73642F5}.Release|Any CPU.ActiveCfg = Release|Any CPU
		{9AA59544-D923-4B18-8B5B-7517F73642F5}.Release|Any CPU.Build.0 = Release|Any CPU
		{C4E65C5C-5FD8-41F7-BB86-725C950C5D4F}.Debug|Any CPU.ActiveCfg = Debug|Any CPU
		{C4E65C5C-5FD8-41F7-BB86-725C950C5D4F}.Debug|Any CPU.Build.0 = Debug|Any CPU
		{C4E65C5C-5FD8-41F7-BB86-725C950C5D4F}.Release|Any CPU.ActiveCfg = Release|Any CPU
		{C4E65C5C-5FD8-41F7-BB86-725C950C5D4F}.Release|Any CPU.Build.0 = Release|Any CPU
		{237EB6FD-5848-4796-A0F5-3F907C942410}.Debug|Any CPU.ActiveCfg = Debug|Any CPU
		{237EB6FD-5848-4796-A0F5-3F907C942410}.Debug|Any CPU.Build.0 = Debug|Any CPU
		{237EB6FD-5848-4796-A0F5-3F907C942410}.Release|Any CPU.ActiveCfg = Release|Any CPU
		{237EB6FD-5848-4796-A0F5-3F907C942410}.Release|Any CPU.Build.0 = Release|Any CPU
	EndGlobalSection
	GlobalSection(SolutionProperties) = preSolution
		HideSolutionNode = FALSE
	EndGlobalSection
	GlobalSection(ExtensibilityGlobals) = postSolution
		SolutionGuid = {42732DBE-366E-4FC7-9244-22426572BE47}
	EndGlobalSection
EndGlobal
